
Microsoft Visual Studio Solution File, Format Version 12.00
# Visual Studio 15
VisualStudioVersion = 15.0.28307.421
MinimumVisualStudioVersion = 10.0.40219.1
Project("{FAE04EC0-301F-11D3-BF4B-00C04F79EFBC}") = "WebApi", "WebApi\WebApi.csproj", "{33977357-9C55-4573-9C1A-F530A089DAF7}"
EndProject
Global
	GlobalSection(SolutionConfigurationPlatforms) = preSolution
		Debug|Any CPU = Debug|Any CPU
		Release|Any CPU = Release|Any CPU
	EndGlobalSection
	GlobalSection(ProjectConfigurationPlatforms) = postSolution
		{33977357-9C55-4573-9C1A-F530A089DAF7}.Debug|Any CPU.ActiveCfg = Debug|Any CPU
		{33977357-9C55-4573-9C1A-F530A089DAF7}.Debug|Any CPU.Build.0 = Debug|Any CPU
		{33977357-9C55-4573-9C1A-F530A089DAF7}.Release|Any CPU.ActiveCfg = Release|Any CPU
		{33977357-9C55-4573-9C1A-F530A089DAF7}.Release|Any CPU.Build.0 = Release|Any CPU
	EndGlobalSection
	GlobalSection(SolutionProperties) = preSolution
		HideSolutionNode = FALSE
	EndGlobalSection
	GlobalSection(ExtensibilityGlobals) = postSolution
		SolutionGuid = {3A8B81DA-93C5-49F3-A957-C82464A8C7C9}
	EndGlobalSection
EndGlobal
